
Microsoft Visual Studio Solution File, Format Version 12.00
# Visual Studio Version 17
VisualStudioVersion = 17.0.31919.166
MinimumVisualStudioVersion = 10.0.40219.1
Project("{FAE04EC0-301F-11D3-BF4B-00C04F79EFBC}") = "RimXML", "RimXML.csproj", "{83EBD968-BBC9-48E4-9583-5BFFA860A594}"
EndProject
Global
	GlobalSection(SolutionConfigurationPlatforms) = preSolution
		Debug|Any CPU = Debug|Any CPU
		Release|Any CPU = Release|Any CPU
	EndGlobalSection
	GlobalSection(ProjectConfigurationPlatforms) = postSolution
		{83EBD968-BBC9-48E4-9583-5BFFA860A594}.Debug|Any CPU.ActiveCfg = Debug|Any CPU
		{83EBD968-BBC9-48E4-9583-5BFFA860A594}.Debug|Any CPU.Build.0 = Debug|Any CPU
		{83EBD968-BBC9-48E4-9583-5BFFA860A594}.Release|Any CPU.ActiveCfg = Release|Any CPU
		{83EBD968-BBC9-48E4-9583-5BFFA860A594}.Release|Any CPU.Build.0 = Release|Any CPU
	EndGlobalSection
	GlobalSection(SolutionProperties) = preSolution
		HideSolutionNode = FALSE
	EndGlobalSection
	GlobalSection(ExtensibilityGlobals) = postSolution
		SolutionGuid = {4D8F0CE5-5538-4E56-8E28-F9B751679C98}
	EndGlobalSection
EndGlobal
